# This file was autogenerated by uv via the following command:
#    uv pip compile pyproject.toml -o requirements.lock
annotated-types==0.7.0
    # via pydantic
anyio==4.9.0
    # via
    #   httpx
    #   starlette
beautifulsoup4==4.13.4
    # via edgartools
certifi==2025.7.14
    # via
    #   httpcore
    #   httpx
    #   requests
charset-normalizer==3.4.2
    # via requests
click==8.2.1
    # via uvicorn
contourpy==1.3.2
    # via matplotlib
coverage==7.9.2
    # via pytest-cov
cycler==0.12.1
    # via matplotlib
edgartools==3.15.0
    # via symbology (pyproject.toml)
fastapi==0.115.12
    # via symbology (pyproject.toml)
fastcore==1.8.5
    # via edgartools
fonttools==4.59.0
    # via matplotlib
greenlet==3.2.3
    # via sqlalchemy
h11==0.16.0
    # via
    #   httpcore
    #   uvicorn
httpcore==1.0.9
    # via httpx
httpx==0.28.1
    # via
    #   symbology (pyproject.toml)
    #   edgartools
    #   ollama
humanize==4.12.3
    # via edgartools
idna==3.10
    # via
    #   anyio
    #   httpx
    #   requests
iniconfig==2.1.0
    # via pytest
kiwisolver==1.4.8
    # via matplotlib
lxml==6.0.0
    # via edgartools
markdown-it-py==3.0.0
    # via rich
matplotlib==3.10.3
    # via
    #   symbology (pyproject.toml)
    #   seaborn
mdurl==0.1.2
    # via markdown-it-py
nest-asyncio==1.6.0
    # via edgartools
numpy==2.3.1
    # via
    #   contourpy
    #   matplotlib
    #   pandas
    #   rank-bm25
    #   seaborn
ollama==0.4.7
    # via symbology (pyproject.toml)
orjson==3.11.0
    # via edgartools
packaging==25.0
    # via
    #   fastcore
    #   matplotlib
    #   pytest
pandas==2.3.1
    # via
    #   edgartools
    #   seaborn
pillow==11.3.0
    # via matplotlib
pluggy==1.6.0
    # via
    #   pytest
    #   pytest-cov
psycopg2==2.9.10
    # via symbology (pyproject.toml)
pyarrow==20.0.0
    # via edgartools
pydantic==2.11.3
    # via
    #   symbology (pyproject.toml)
    #   edgartools
    #   fastapi
    #   ollama
    #   pydantic-settings
pydantic-core==2.33.1
    # via pydantic
pydantic-settings==2.9.0
    # via symbology (pyproject.toml)
pygments==2.19.2
    # via
    #   pytest
    #   rich
pyparsing==3.2.3
    # via matplotlib
pytest==8.4.1
    # via
    #   symbology (pyproject.toml)
    #   pytest-cov
    #   pytest-json-report
    #   pytest-metadata
pytest-cov==6.2.1
    # via symbology (pyproject.toml)
pytest-json-report==1.5.0
    # via symbology (pyproject.toml)
pytest-metadata==3.1.1
    # via pytest-json-report
python-dateutil==2.9.0.post0
    # via
    #   matplotlib
    #   pandas
python-dotenv==1.0.0
    # via
    #   symbology (pyproject.toml)
    #   pydantic-settings
pytz==2025.2
    # via pandas
rank-bm25==0.2.2
    # via edgartools
rapidfuzz==3.13.0
    # via edgartools
requests==2.32.4
    # via symbology (pyproject.toml)
rich==14.0.0
    # via edgartools
seaborn==0.13.2
    # via symbology (pyproject.toml)
six==1.17.0
    # via python-dateutil
sniffio==1.3.1
    # via anyio
soupsieve==2.7
    # via beautifulsoup4
sqlalchemy==2.0.40
    # via symbology (pyproject.toml)
stamina==25.1.0
    # via edgartools
starlette==0.46.2
    # via fastapi
structlog==24.1.0
    # via symbology (pyproject.toml)
tabulate==0.9.0
    # via edgartools
tenacity==9.1.2
    # via stamina
textdistance==4.6.3
    # via edgartools
tqdm==4.67.1
    # via edgartools
typing-extensions==4.14.1
    # via
    #   beautifulsoup4
    #   fastapi
    #   pydantic
    #   pydantic-core
    #   sqlalchemy
    #   typing-inspection
typing-inspection==0.4.1
    # via
    #   pydantic
    #   pydantic-settings
tzdata==2025.2
    # via pandas
unidecode==1.4.0
    # via edgartools
urllib3==2.5.0
    # via requests
uuid7==0.1.0
    # via symbology (pyproject.toml)
uvicorn==0.34.1
    # via symbology (pyproject.toml)
